
Microsoft Visual Studio Solution File, Format Version 12.00
# Visual Studio 2013
VisualStudioVersion = 12.0.30501.0
MinimumVisualStudioVersion = 10.0.40219.1
Project("{FAE04EC0-301F-11D3-BF4B-00C04F79EFBC}") = "MSPCCLI", "MSPCCLI\MSPCCLI.csproj", "{FB0614DF-E1BF-45FF-80EC-0DBC8A504C7A}"
EndProject
Project("{FAE04EC0-301F-11D3-BF4B-00C04F79EFBC}") = "MSPCCore", "MSPCCore\MSPCCore.csproj", "{AFE1EFFD-777E-4EDD-932D-08D81030283C}"
EndProject
Project("{FAE04EC0-301F-11D3-BF4B-00C04F79EFBC}") = "MSPCExporter", "MSPCExporter\MSPCExporter.csproj", "{A5A0848B-67E7-4FA8-B3B6-EF89B38FB729}"
EndProject
Project("{FAE04EC0-301F-11D3-BF4B-00C04F79EFBC}") = "MSPCWarehouse", "MSPCWarehouse\MSPCWarehouse.csproj", "{16DEE90E-DB43-4C0C-9540-2F56249396E2}"
EndProject
Project("{2150E333-8FDC-42A3-9474-1A3956D46DE8}") = "Solution Items", "Solution Items", "{48A85EAE-84AF-4EFB-8275-37D9699A90EB}"
	ProjectSection(SolutionItems) = preProject
		COPYING.LESSER = COPYING.LESSER
	EndProjectSection
EndProject
Global
	GlobalSection(SolutionConfigurationPlatforms) = preSolution
		Debug|Any CPU = Debug|Any CPU
		Release|Any CPU = Release|Any CPU
	EndGlobalSection
	GlobalSection(ProjectConfigurationPlatforms) = postSolution
		{FB0614DF-E1BF-45FF-80EC-0DBC8A504C7A}.Debug|Any CPU.ActiveCfg = Debug|Any CPU
		{FB0614DF-E1BF-45FF-80EC-0DBC8A504C7A}.Debug|Any CPU.Build.0 = Debug|Any CPU
		{FB0614DF-E1BF-45FF-80EC-0DBC8A504C7A}.Release|Any CPU.ActiveCfg = Release|Any CPU
		{FB0614DF-E1BF-45FF-80EC-0DBC8A504C7A}.Release|Any CPU.Build.0 = Release|Any CPU
		{AFE1EFFD-777E-4EDD-932D-08D81030283C}.Debug|Any CPU.ActiveCfg = Debug|Any CPU
		{AFE1EFFD-777E-4EDD-932D-08D81030283C}.Debug|Any CPU.Build.0 = Debug|Any CPU
		{AFE1EFFD-777E-4EDD-932D-08D81030283C}.Release|Any CPU.ActiveCfg = Release|Any CPU
		{AFE1EFFD-777E-4EDD-932D-08D81030283C}.Release|Any CPU.Build.0 = Release|Any CPU
		{A5A0848B-67E7-4FA8-B3B6-EF89B38FB729}.Debug|Any CPU.ActiveCfg = Debug|Any CPU
		{A5A0848B-67E7-4FA8-B3B6-EF89B38FB729}.Debug|Any CPU.Build.0 = Debug|Any CPU
		{A5A0848B-67E7-4FA8-B3B6-EF89B38FB729}.Release|Any CPU.ActiveCfg = Release|Any CPU
		{A5A0848B-67E7-4FA8-B3B6-EF89B38FB729}.Release|Any CPU.Build.0 = Release|Any CPU
		{16DEE90E-DB43-4C0C-9540-2F56249396E2}.Debug|Any CPU.ActiveCfg = Debug|Any CPU
		{16DEE90E-DB43-4C0C-9540-2F56249396E2}.Debug|Any CPU.Build.0 = Debug|Any CPU
		{16DEE90E-DB43-4C0C-9540-2F56249396E2}.Release|Any CPU.ActiveCfg = Release|Any CPU
		{16DEE90E-DB43-4C0C-9540-2F56249396E2}.Release|Any CPU.Build.0 = Release|Any CPU
	EndGlobalSection
	GlobalSection(SolutionProperties) = preSolution
		HideSolutionNode = FALSE
	EndGlobalSection
EndGlobal
