
Microsoft Visual Studio Solution File, Format Version 12.00
# Visual Studio 15
VisualStudioVersion = 15.0.28307.421
MinimumVisualStudioVersion = 10.0.40219.1
Project("{FAE04EC0-301F-11D3-BF4B-00C04F79EFBC}") = "RunMSPC", "RunMSPC\RunMSPC.csproj", "{DEFB115A-B1DA-4A81-984C-08E7543C78C7}"
EndProject
Global
	GlobalSection(SolutionConfigurationPlatforms) = preSolution
		Debug|Any CPU = Debug|Any CPU
		Release|Any CPU = Release|Any CPU
	EndGlobalSection
	GlobalSection(ProjectConfigurationPlatforms) = postSolution
		{DEFB115A-B1DA-4A81-984C-08E7543C78C7}.Debug|Any CPU.ActiveCfg = Debug|Any CPU
		{DEFB115A-B1DA-4A81-984C-08E7543C78C7}.Debug|Any CPU.Build.0 = Debug|Any CPU
		{DEFB115A-B1DA-4A81-984C-08E7543C78C7}.Release|Any CPU.ActiveCfg = Release|Any CPU
		{DEFB115A-B1DA-4A81-984C-08E7543C78C7}.Release|Any CPU.Build.0 = Release|Any CPU
	EndGlobalSection
	GlobalSection(SolutionProperties) = preSolution
		HideSolutionNode = FALSE
	EndGlobalSection
	GlobalSection(ExtensibilityGlobals) = postSolution
		SolutionGuid = {73AD74B5-243A-4463-9D91-72A8C41EF502}
	EndGlobalSection
EndGlobal
